
Microsoft Visual Studio Solution File, Format Version 12.00
# Visual Studio Version 17
VisualStudioVersion = 17.0.31903.59
MinimumVisualStudioVersion = 10.0.40219.1
Project("{2150E333-8FDC-42A3-9474-1A3956D46DE8}") = "src", "src", "{827E0CD3-B72D-47B6-A68D-7590B98EB39B}"
EndProject
Project("{FAE04EC0-301F-11D3-BF4B-00C04F79EFBC}") = "Ksr.Local.Core", "src\Ksr.Local.Core\Ksr.Local.Core.csproj", "{00AD4A1E-AE1A-4B26-800A-76EA6A36110F}"
EndProject
Project("{FAE04EC0-301F-11D3-BF4B-00C04F79EFBC}") = "Ksr.Local.Sqlite", "src\Ksr.Local.Sqlite\Ksr.Local.Sqlite.csproj", "{10D84BB9-C520-486D-B33F-5DCCAA260E3A}"
EndProject
Project("{FAE04EC0-301F-11D3-BF4B-00C04F79EFBC}") = "Ksr.Local.Kusto", "src\Ksr.Local.Kusto\Ksr.Local.Kusto.csproj", "{5D7775F3-0E31-484D-B09E-88860956C24A}"
EndProject
Project("{FAE04EC0-301F-11D3-BF4B-00C04F79EFBC}") = "Ksr.LocalApp", "src\Ksr.LocalApp\Ksr.LocalApp.csproj", "{C1F93DF1-DEC0-4F79-9B11-62265D988FC1}"
EndProject
Project("{2150E333-8FDC-42A3-9474-1A3956D46DE8}") = "tests", "tests", "{0AB3BF05-4346-4AA6-1389-037BE0695223}"
EndProject
Project("{FAE04EC0-301F-11D3-BF4B-00C04F79EFBC}") = "Ksr.Local.Core.Tests", "tests\Ksr.Local.Core.Tests\Ksr.Local.Core.Tests.csproj", "{9E079A00-815B-429D-BF69-6FACFBBFF3ED}"
EndProject
Project("{FAE04EC0-301F-11D3-BF4B-00C04F79EFBC}") = "Ksr.Local.Sqlite.Tests", "tests\Ksr.Local.Sqlite.Tests\Ksr.Local.Sqlite.Tests.csproj", "{071F52E0-94F2-473A-82CC-059524834F43}"
EndProject
Project("{FAE04EC0-301F-11D3-BF4B-00C04F79EFBC}") = "Ksr.Local.Kusto.Tests", "tests\Ksr.Local.Kusto.Tests\Ksr.Local.Kusto.Tests.csproj", "{7E12245D-B753-403E-8D50-8B89E0E73042}"
EndProject
Project("{FAE04EC0-301F-11D3-BF4B-00C04F79EFBC}") = "Ksr.LocalApp.Tests", "tests\Ksr.LocalApp.Tests\Ksr.LocalApp.Tests.csproj", "{A96080C8-F6D5-4E55-9FEB-F38742AB3FDC}"
EndProject
Project("{FAE04EC0-301F-11D3-BF4B-00C04F79EFBC}") = "Ksr.LocalApp.ScreenshotHost", "tests\Ksr.LocalApp.ScreenshotHost\Ksr.LocalApp.ScreenshotHost.csproj", "{28B42244-4CC8-40EC-BED6-8EA7617258B1}"
EndProject
Global
	GlobalSection(SolutionConfigurationPlatforms) = preSolution
		Debug|Any CPU = Debug|Any CPU
		Debug|x64 = Debug|x64
		Debug|x86 = Debug|x86
		Release|Any CPU = Release|Any CPU
		Release|x64 = Release|x64
		Release|x86 = Release|x86
	EndGlobalSection
	GlobalSection(ProjectConfigurationPlatforms) = postSolution
		{00AD4A1E-AE1A-4B26-800A-76EA6A36110F}.Debug|Any CPU.ActiveCfg = Debug|Any CPU
		{00AD4A1E-AE1A-4B26-800A-76EA6A36110F}.Debug|Any CPU.Build.0 = Debug|Any CPU
		{00AD4A1E-AE1A-4B26-800A-76EA6A36110F}.Debug|x64.ActiveCfg = Debug|Any CPU
		{00AD4A1E-AE1A-4B26-800A-76EA6A36110F}.Debug|x64.Build.0 = Debug|Any CPU
		{00AD4A1E-AE1A-4B26-800A-76EA6A36110F}.Debug|x86.ActiveCfg = Debug|Any CPU
		{00AD4A1E-AE1A-4B26-800A-76EA6A36110F}.Debug|x86.Build.0 = Debug|Any CPU
		{00AD4A1E-AE1A-4B26-800A-76EA6A36110F}.Release|Any CPU.ActiveCfg = Release|Any CPU
		{00AD4A1E-AE1A-4B26-800A-76EA6A36110F}.Release|Any CPU.Build.0 = Release|Any CPU
		{00AD4A1E-AE1A-4B26-800A-76EA6A36110F}.Release|x64.ActiveCfg = Release|Any CPU
		{00AD4A1E-AE1A-4B26-800A-76EA6A36110F}.Release|x64.Build.0 = Release|Any CPU
		{00AD4A1E-AE1A-4B26-800A-76EA6A36110F}.Release|x86.ActiveCfg = Release|Any CPU
		{00AD4A1E-AE1A-4B26-800A-76EA6A36110F}.Release|x86.Build.0 = Release|Any CPU
		{10D84BB9-C520-486D-B33F-5DCCAA260E3A}.Debug|Any CPU.ActiveCfg = Debug|Any CPU
		{10D84BB9-C520-486D-B33F-5DCCAA260E3A}.Debug|Any CPU.Build.0 = Debug|Any CPU
		{10D84BB9-C520-486D-B33F-5DCCAA260E3A}.Debug|x64.ActiveCfg = Debug|Any CPU
		{10D84BB9-C520-486D-B33F-5DCCAA260E3A}.Debug|x64.Build.0 = Debug|Any CPU
		{10D84BB9-C520-486D-B33F-5DCCAA260E3A}.Debug|x86.ActiveCfg = Debug|Any CPU
		{10D84BB9-C520-486D-B33F-5DCCAA260E3A}.Debug|x86.Build.0 = Debug|Any CPU
		{10D84BB9-C520-486D-B33F-5DCCAA260E3A}.Release|Any CPU.ActiveCfg = Release|Any CPU
		{10D84BB9-C520-486D-B33F-5DCCAA260E3A}.Release|Any CPU.Build.0 = Release|Any CPU
		{10D84BB9-C520-486D-B33F-5DCCAA260E3A}.Release|x64.ActiveCfg = Release|Any CPU
		{10D84BB9-C520-486D-B33F-5DCCAA260E3A}.Release|x64.Build.0 = Release|Any CPU
		{10D84BB9-C520-486D-B33F-5DCCAA260E3A}.Release|x86.ActiveCfg = Release|Any CPU
		{10D84BB9-C520-486D-B33F-5DCCAA260E3A}.Release|x86.Build.0 = Release|Any CPU
		{5D7775F3-0E31-484D-B09E-88860956C24A}.Debug|Any CPU.ActiveCfg = Debug|Any CPU
		{5D7775F3-0E31-484D-B09E-88860956C24A}.Debug|Any CPU.Build.0 = Debug|Any CPU
		{5D7775F3-0E31-484D-B09E-88860956C24A}.Debug|x64.ActiveCfg = Debug|Any CPU
		{5D7775F3-0E31-484D-B09E-88860956C24A}.Debug|x64.Build.0 = Debug|Any CPU
		{5D7775F3-0E31-484D-B09E-88860956C24A}.Debug|x86.ActiveCfg = Debug|Any CPU
		{5D7775F3-0E31-484D-B09E-88860956C24A}.Debug|x86.Build.0 = Debug|Any CPU
		{5D7775F3-0E31-484D-B09E-88860956C24A}.Release|Any CPU.ActiveCfg = Release|Any CPU
		{5D7775F3-0E31-484D-B09E-88860956C24A}.Release|Any CPU.Build.0 = Release|Any CPU
		{5D7775F3-0E31-484D-B09E-88860956C24A}.Release|x64.ActiveCfg = Release|Any CPU
		{5D7775F3-0E31-484D-B09E-88860956C24A}.Release|x64.Build.0 = Release|Any CPU
		{5D7775F3-0E31-484D-B09E-88860956C24A}.Release|x86.ActiveCfg = Release|Any CPU
		{5D7775F3-0E31-484D-B09E-88860956C24A}.Release|x86.Build.0 = Release|Any CPU
		{C1F93DF1-DEC0-4F79-9B11-62265D988FC1}.Debug|Any CPU.ActiveCfg = Debug|Any CPU
		{C1F93DF1-DEC0-4F79-9B11-62265D988FC1}.Debug|Any CPU.Build.0 = Debug|Any CPU
		{C1F93DF1-DEC0-4F79-9B11-62265D988FC1}.Debug|x64.ActiveCfg = Debug|Any CPU
		{C1F93DF1-DEC0-4F79-9B11-62265D988FC1}.Debug|x64.Build.0 = Debug|Any CPU
		{C1F93DF1-DEC0-4F79-9B11-62265D988FC1}.Debug|x86.ActiveCfg = Debug|Any CPU
		{C1F93DF1-DEC0-4F79-9B11-62265D988FC1}.Debug|x86.Build.0 = Debug|Any CPU
		{C1F93DF1-DEC0-4F79-9B11-62265D988FC1}.Release|Any CPU.ActiveCfg = Release|Any CPU
		{C1F93DF1-DEC0-4F79-9B11-62265D988FC1}.Release|Any CPU.Build.0 = Release|Any CPU
		{C1F93DF1-DEC0-4F79-9B11-62265D988FC1}.Release|x64.ActiveCfg = Release|Any CPU
		{C1F93DF1-DEC0-4F79-9B11-62265D988FC1}.Release|x64.Build.0 = Release|Any CPU
		{C1F93DF1-DEC0-4F79-9B11-62265D988FC1}.Release|x86.ActiveCfg = Release|Any CPU
		{C1F93DF1-DEC0-4F79-9B11-62265D988FC1}.Release|x86.Build.0 = Release|Any CPU
		{9E079A00-815B-429D-BF69-6FACFBBFF3ED}.Debug|Any CPU.ActiveCfg = Debug|Any CPU
		{9E079A00-815B-429D-BF69-6FACFBBFF3ED}.Debug|Any CPU.Build.0 = Debug|Any CPU
		{9E079A00-815B-429D-BF69-6FACFBBFF3ED}.Debug|x64.ActiveCfg = Debug|Any CPU
		{9E079A00-815B-429D-BF69-6FACFBBFF3ED}.Debug|x64.Build.0 = Debug|Any CPU
		{9E079A00-815B-429D-BF69-6FACFBBFF3ED}.Debug|x86.ActiveCfg = Debug|Any CPU
		{9E079A00-815B-429D-BF69-6FACFBBFF3ED}.Debug|x86.Build.0 = Debug|Any CPU
		{9E079A00-815B-429D-BF69-6FACFBBFF3ED}.Release|Any CPU.ActiveCfg = Release|Any CPU
		{9E079A00-815B-429D-BF69-6FACFBBFF3ED}.Release|Any CPU.Build.0 = Release|Any CPU
		{9E079A00-815B-429D-BF69-6FACFBBFF3ED}.Release|x64.ActiveCfg = Release|Any CPU
		{9E079A00-815B-429D-BF69-6FACFBBFF3ED}.Release|x64.Build.0 = Release|Any CPU
		{9E079A00-815B-429D-BF69-6FACFBBFF3ED}.Release|x86.ActiveCfg = Release|Any CPU
		{9E079A00-815B-429D-BF69-6FACFBBFF3ED}.Release|x86.Build.0 = Release|Any CPU
		{071F52E0-94F2-473A-82CC-059524834F43}.Debug|Any CPU.ActiveCfg = Debug|Any CPU
		{071F52E0-94F2-473A-82CC-059524834F43}.Debug|Any CPU.Build.0 = Debug|Any CPU
		{071F52E0-94F2-473A-82CC-059524834F43}.Debug|x64.ActiveCfg = Debug|Any CPU
		{071F52E0-94F2-473A-82CC-059524834F43}.Debug|x64.Build.0 = Debug|Any CPU
		{071F52E0-94F2-473A-82CC-059524834F43}.Debug|x86.ActiveCfg = Debug|Any CPU
		{071F52E0-94F2-473A-82CC-059524834F43}.Debug|x86.Build.0 = Debug|Any CPU
		{071F52E0-94F2-473A-82CC-059524834F43}.Release|Any CPU.ActiveCfg = Release|Any CPU
		{071F52E0-94F2-473A-82CC-059524834F43}.Release|Any CPU.Build.0 = Release|Any CPU
		{071F52E0-94F2-473A-82CC-059524834F43}.Release|x64.ActiveCfg = Release|Any CPU
		{071F52E0-94F2-473A-82CC-059524834F43}.Release|x64.Build.0 = Release|Any CPU
		{071F52E0-94F2-473A-82CC-059524834F43}.Release|x86.ActiveCfg = Release|Any CPU
		{071F52E0-94F2-473A-82CC-059524834F43}.Release|x86.Build.0 = Release|Any CPU
		{7E12245D-B753-403E-8D50-8B89E0E73042}.Debug|Any CPU.ActiveCfg = Debug|Any CPU
		{7E12245D-B753-403E-8D50-8B89E0E73042}.Debug|Any CPU.Build.0 = Debug|Any CPU
		{7E12245D-B753-403E-8D50-8B89E0E73042}.Debug|x64.ActiveCfg = Debug|Any CPU
		{7E12245D-B753-403E-8D50-8B89E0E73042}.Debug|x64.Build.0 = Debug|Any CPU
		{7E12245D-B753-403E-8D50-8B89E0E73042}.Debug|x86.ActiveCfg = Debug|Any CPU
		{7E12245D-B753-403E-8D50-8B89E0E73042}.Debug|x86.Build.0 = Debug|Any CPU
		{7E12245D-B753-403E-8D50-8B89E0E73042}.Release|Any CPU.ActiveCfg = Release|Any CPU
		{7E12245D-B753-403E-8D50-8B89E0E73042}.Release|Any CPU.Build.0 = Release|Any CPU
		{7E12245D-B753-403E-8D50-8B89E0E73042}.Release|x64.ActiveCfg = Release|Any CPU
		{7E12245D-B753-403E-8D50-8B89E0E73042}.Release|x64.Build.0 = Release|Any CPU
		{7E12245D-B753-403E-8D50-8B89E0E73042}.Release|x86.ActiveCfg = Release|Any CPU
		{7E12245D-B753-403E-8D50-8B89E0E73042}.Release|x86.Build.0 = Release|Any CPU
		{A96080C8-F6D5-4E55-9FEB-F38742AB3FDC}.Debug|Any CPU.ActiveCfg = Debug|Any CPU
		{A96080C8-F6D5-4E55-9FEB-F38742AB3FDC}.Debug|Any CPU.Build.0 = Debug|Any CPU
		{A96080C8-F6D5-4E55-9FEB-F38742AB3FDC}.Debug|x64.ActiveCfg = Debug|Any CPU
		{A96080C8-F6D5-4E55-9FEB-F38742AB3FDC}.Debug|x64.Build.0 = Debug|Any CPU
		{A96080C8-F6D5-4E55-9FEB-F38742AB3FDC}.Debug|x86.ActiveCfg = Debug|Any CPU
		{A96080C8-F6D5-4E55-9FEB-F38742AB3FDC}.Debug|x86.Build.0 = Debug|Any CPU
		{A96080C8-F6D5-4E55-9FEB-F38742AB3FDC}.Release|Any CPU.ActiveCfg = Release|Any CPU
		{A96080C8-F6D5-4E55-9FEB-F38742AB3FDC}.Release|Any CPU.Build.0 = Release|Any CPU
		{A96080C8-F6D5-4E55-9FEB-F38742AB3FDC}.Release|x64.ActiveCfg = Release|Any CPU
		{A96080C8-F6D5-4E55-9FEB-F38742AB3FDC}.Release|x64.Build.0 = Release|Any CPU
		{A96080C8-F6D5-4E55-9FEB-F38742AB3FDC}.Release|x86.ActiveCfg = Release|Any CPU
		{A96080C8-F6D5-4E55-9FEB-F38742AB3FDC}.Release|x86.Build.0 = Release|Any CPU
		{28B42244-4CC8-40EC-BED6-8EA7617258B1}.Debug|Any CPU.ActiveCfg = Debug|Any CPU
		{28B42244-4CC8-40EC-BED6-8EA7617258B1}.Debug|Any CPU.Build.0 = Debug|Any CPU
		{28B42244-4CC8-40EC-BED6-8EA7617258B1}.Debug|x64.ActiveCfg = Debug|Any CPU
		{28B42244-4CC8-40EC-BED6-8EA7617258B1}.Debug|x64.Build.0 = Debug|Any CPU
		{28B42244-4CC8-40EC-BED6-8EA7617258B1}.Debug|x86.ActiveCfg = Debug|Any CPU
		{28B42244-4CC8-40EC-BED6-8EA7617258B1}.Debug|x86.Build.0 = Debug|Any CPU
		{28B42244-4CC8-40EC-BED6-8EA7617258B1}.Release|Any CPU.ActiveCfg = Release|Any CPU
		{28B42244-4CC8-40EC-BED6-8EA7617258B1}.Release|Any CPU.Build.0 = Release|Any CPU
		{28B42244-4CC8-40EC-BED6-8EA7617258B1}.Release|x64.ActiveCfg = Release|Any CPU
		{28B42244-4CC8-40EC-BED6-8EA7617258B1}.Release|x64.Build.0 = Release|Any CPU
		{28B42244-4CC8-40EC-BED6-8EA7617258B1}.Release|x86.ActiveCfg = Release|Any CPU
		{28B42244-4CC8-40EC-BED6-8EA7617258B1}.Release|x86.Build.0 = Release|Any CPU
	EndGlobalSection
	GlobalSection(SolutionProperties) = preSolution
		HideSolutionNode = FALSE
	EndGlobalSection
	GlobalSection(NestedProjects) = preSolution
		{00AD4A1E-AE1A-4B26-800A-76EA6A36110F} = {827E0CD3-B72D-47B6-A68D-7590B98EB39B}
		{10D84BB9-C520-486D-B33F-5DCCAA260E3A} = {827E0CD3-B72D-47B6-A68D-7590B98EB39B}
		{5D7775F3-0E31-484D-B09E-88860956C24A} = {827E0CD3-B72D-47B6-A68D-7590B98EB39B}
		{C1F93DF1-DEC0-4F79-9B11-62265D988FC1} = {827E0CD3-B72D-47B6-A68D-7590B98EB39B}
		{9E079A00-815B-429D-BF69-6FACFBBFF3ED} = {0AB3BF05-4346-4AA6-1389-037BE0695223}
		{071F52E0-94F2-473A-82CC-059524834F43} = {0AB3BF05-4346-4AA6-1389-037BE0695223}
		{7E12245D-B753-403E-8D50-8B89E0E73042} = {0AB3BF05-4346-4AA6-1389-037BE0695223}
		{A96080C8-F6D5-4E55-9FEB-F38742AB3FDC} = {0AB3BF05-4346-4AA6-1389-037BE0695223}
		{28B42244-4CC8-40EC-BED6-8EA7617258B1} = {0AB3BF05-4346-4AA6-1389-037BE0695223}
	EndGlobalSection
EndGlobal
